// !$*UTF8*$!
{
	archiveVersion = 1;
	classes = {
	};
	objectVersion = 50;
	objects = {

/* Begin PBXBuildFile section */
		9E135458262B61B300D7AA72 /* OfficinaSansExtraBoldSCC.otf in Resources */ = {isa = PBXBuildFile; fileRef = 9E135457262B61B300D7AA72 /* OfficinaSansExtraBoldSCC.otf */; };
		9E13545B262B702B00D7AA72 /* CustomNavbar.swift in Sources */ = {isa = PBXBuildFile; fileRef = 9E13545A262B702B00D7AA72 /* CustomNavbar.swift */; };
		9E135465262B7C8700D7AA72 /* Fonts in Resources */ = {isa = PBXBuildFile; fileRef = 9E13543C262B53A400D7AA72 /* Fonts */; };
		9E135481262B98C800D7AA72 /* HelpNavigationViewController.swift in Sources */ = {isa = PBXBuildFile; fileRef = 9E135480262B98C800D7AA72 /* HelpNavigationViewController.swift */; };
		9E135484262C480200D7AA72 /* CustomTabBar.swift in Sources */ = {isa = PBXBuildFile; fileRef = 9E135483262C480200D7AA72 /* CustomTabBar.swift */; };
		9E4856F726274B870061EC0F /* AppDelegate.swift in Sources */ = {isa = PBXBuildFile; fileRef = 9E4856F626274B870061EC0F /* AppDelegate.swift */; };
		9E4856F926274B870061EC0F /* SceneDelegate.swift in Sources */ = {isa = PBXBuildFile; fileRef = 9E4856F826274B870061EC0F /* SceneDelegate.swift */; };
		9E48570D26274D1B0061EC0F /* WantHelpViewController.swift in Sources */ = {isa = PBXBuildFile; fileRef = 9E48570C26274D1B0061EC0F /* WantHelpViewController.swift */; };
		9E485715262750D10061EC0F /* Main.storyboard in Resources */ = {isa = PBXBuildFile; fileRef = 9E4856FC26274B870061EC0F /* Main.storyboard */; };
		9E485716262750D10061EC0F /* Assets.xcassets in Resources */ = {isa = PBXBuildFile; fileRef = 9E4856FF26274B870061EC0F /* Assets.xcassets */; };
		9E485718262750D10061EC0F /* LaunchScreen.storyboard in Resources */ = {isa = PBXBuildFile; fileRef = 9E48570126274B870061EC0F /* LaunchScreen.storyboard */; };
		9E48573826278B110061EC0F /* HelpModel.swift in Sources */ = {isa = PBXBuildFile; fileRef = 9E48573726278B110061EC0F /* HelpModel.swift */; };
		9E48573C26286D280061EC0F /* CollectionViewController.swift in Sources */ = {isa = PBXBuildFile; fileRef = 9E48573B26286D280061EC0F /* CollectionViewController.swift */; };
		9E485741262875810061EC0F /* CustomCollectionViewCell.swift in Sources */ = {isa = PBXBuildFile; fileRef = 9E485740262875810061EC0F /* CustomCollectionViewCell.swift */; };
		9E485745262A349A0061EC0F /* TestViewController.swift in Sources */ = {isa = PBXBuildFile; fileRef = 9E485744262A349A0061EC0F /* TestViewController.swift */; };
		9E48574B262A3C510061EC0F /* TabBarViewController.swift in Sources */ = {isa = PBXBuildFile; fileRef = 9E48574A262A3C510061EC0F /* TabBarViewController.swift */; };
/* End PBXBuildFile section */

/* Begin PBXFileReference section */
		9E13543C262B53A400D7AA72 /* Fonts */ = {isa = PBXFileReference; lastKnownFileType = folder; path = Fonts; sourceTree = "<group>"; };
		9E135457262B61B300D7AA72 /* OfficinaSansExtraBoldSCC.otf */ = {isa = PBXFileReference; lastKnownFileType = file; path = OfficinaSansExtraBoldSCC.otf; sourceTree = "<group>"; };
		9E13545A262B702B00D7AA72 /* CustomNavbar.swift */ = {isa = PBXFileReference; lastKnownFileType = sourcecode.swift; path = CustomNavbar.swift; sourceTree = "<group>"; };
		9E135480262B98C800D7AA72 /* HelpNavigationViewController.swift */ = {isa = PBXFileReference; lastKnownFileType = sourcecode.swift; path = HelpNavigationViewController.swift; sourceTree = "<group>"; };
		9E135483262C480200D7AA72 /* CustomTabBar.swift */ = {isa = PBXFileReference; lastKnownFileType = sourcecode.swift; path = CustomTabBar.swift; sourceTree = "<group>"; };
		9E4856F326274B870061EC0F /* Хочупомочь.app */ = {isa = PBXFileReference; explicitFileType = wrapper.application; includeInIndex = 0; path = "Хочупомочь.app"; sourceTree = BUILT_PRODUCTS_DIR; };
		9E4856F626274B870061EC0F /* AppDelegate.swift */ = {isa = PBXFileReference; lastKnownFileType = sourcecode.swift; path = AppDelegate.swift; sourceTree = "<group>"; };
		9E4856F826274B870061EC0F /* SceneDelegate.swift */ = {isa = PBXFileReference; lastKnownFileType = sourcecode.swift; path = SceneDelegate.swift; sourceTree = "<group>"; };
		9E4856FD26274B870061EC0F /* Base */ = {isa = PBXFileReference; lastKnownFileType = file.storyboard; name = Base; path = Base.lproj/Main.storyboard; sourceTree = "<group>"; };
		9E4856FF26274B870061EC0F /* Assets.xcassets */ = {isa = PBXFileReference; lastKnownFileType = folder.assetcatalog; path = Assets.xcassets; sourceTree = "<group>"; };
		9E48570226274B870061EC0F /* Base */ = {isa = PBXFileReference; lastKnownFileType = file.storyboard; name = Base; path = Base.lproj/LaunchScreen.storyboard; sourceTree = "<group>"; };
		9E48570426274B870061EC0F /* Info.plist */ = {isa = PBXFileReference; lastKnownFileType = text.plist.xml; path = Info.plist; sourceTree = "<group>"; };
		9E48570C26274D1B0061EC0F /* WantHelpViewController.swift */ = {isa = PBXFileReference; lastKnownFileType = sourcecode.swift; path = WantHelpViewController.swift; sourceTree = "<group>"; };
		9E48573726278B110061EC0F /* HelpModel.swift */ = {isa = PBXFileReference; lastKnownFileType = sourcecode.swift; path = HelpModel.swift; sourceTree = "<group>"; };
		9E48573B26286D280061EC0F /* CollectionViewController.swift */ = {isa = PBXFileReference; lastKnownFileType = sourcecode.swift; name = CollectionViewController.swift; path = MenuCells/CollectionViewController.swift; sourceTree = "<group>"; };
		9E485740262875810061EC0F /* CustomCollectionViewCell.swift */ = {isa = PBXFileReference; lastKnownFileType = sourcecode.swift; path = CustomCollectionViewCell.swift; sourceTree = "<group>"; };
		9E485744262A349A0061EC0F /* TestViewController.swift */ = {isa = PBXFileReference; lastKnownFileType = sourcecode.swift; path = TestViewController.swift; sourceTree = "<group>"; };
		9E48574A262A3C510061EC0F /* TabBarViewController.swift */ = {isa = PBXFileReference; lastKnownFileType = sourcecode.swift; path = TabBarViewController.swift; sourceTree = "<group>"; };
/* End PBXFileReference section */

/* Begin PBXFrameworksBuildPhase section */
		9E4856F026274B870061EC0F /* Frameworks */ = {
			isa = PBXFrameworksBuildPhase;
			buildActionMask = 2147483647;
			files = (
			);
			runOnlyForDeploymentPostprocessing = 0;
		};
/* End PBXFrameworksBuildPhase section */

/* Begin PBXGroup section */
		8FA767B42654BE7559CE01D7 /* Frameworks */ = {
			isa = PBXGroup;
			children = (
			);
			name = Frameworks;
			sourceTree = "<group>";
		};
		9E135456262B61B300D7AA72 /* Fonts */ = {
			isa = PBXGroup;
			children = (
				9E135457262B61B300D7AA72 /* OfficinaSansExtraBoldSCC.otf */,
			);
			path = Fonts;
			sourceTree = "<group>";
		};
		9E135479262B927D00D7AA72 /* NavigationControllers */ = {
			isa = PBXGroup;
			children = (
				9E135480262B98C800D7AA72 /* HelpNavigationViewController.swift */,
			);
			path = NavigationControllers;
			sourceTree = "<group>";
		};
		9E4856EA26274B870061EC0F = {
			isa = PBXGroup;
			children = (
				9E4856F526274B870061EC0F /* Хочу помочь */,
				9E4856F426274B870061EC0F /* Products */,
				8FA767B42654BE7559CE01D7 /* Frameworks */,
			);
			sourceTree = "<group>";
		};
		9E4856F426274B870061EC0F /* Products */ = {
			isa = PBXGroup;
			children = (
				9E4856F326274B870061EC0F /* Хочупомочь.app */,
			);
			name = Products;
			sourceTree = "<group>";
		};
		9E4856F526274B870061EC0F /* Хочу помочь */ = {
			isa = PBXGroup;
			children = (
				9E48573626278AE90061EC0F /* Models */,
				9E4856F626274B870061EC0F /* AppDelegate.swift */,
				9E4856F826274B870061EC0F /* SceneDelegate.swift */,
				9E4856FC26274B870061EC0F /* Main.storyboard */,
				9E48574A262A3C510061EC0F /* TabBarViewController.swift */,
				9E135483262C480200D7AA72 /* CustomTabBar.swift */,
				9E13545A262B702B00D7AA72 /* CustomNavbar.swift */,
				9E135479262B927D00D7AA72 /* NavigationControllers */,
				9E13543C262B53A400D7AA72 /* Fonts */,
				9E48572426277DDF0061EC0F /* MenuCells */,
				9E4856FF26274B870061EC0F /* Assets.xcassets */,
				9E48570C26274D1B0061EC0F /* WantHelpViewController.swift */,
				9E48570126274B870061EC0F /* LaunchScreen.storyboard */,
				9E48570426274B870061EC0F /* Info.plist */,
				9E48573B26286D280061EC0F /* CollectionViewController.swift */,
				9E485744262A349A0061EC0F /* TestViewController.swift */,
			);
			path = "Хочу помочь";
			sourceTree = "<group>";
		};
		9E48572426277DDF0061EC0F /* MenuCells */ = {
			isa = PBXGroup;
			children = (
				9E485740262875810061EC0F /* CustomCollectionViewCell.swift */,
			);
			path = MenuCells;
			sourceTree = "<group>";
		};
		9E48573626278AE90061EC0F /* Models */ = {
			isa = PBXGroup;
			children = (
				9E135456262B61B300D7AA72 /* Fonts */,
				9E48573726278B110061EC0F /* HelpModel.swift */,
			);
			path = Models;
			sourceTree = "<group>";
		};
/* End PBXGroup section */

/* Begin PBXNativeTarget section */
		9E4856F226274B870061EC0F /* Хочупомочь */ = {
			isa = PBXNativeTarget;
			buildConfigurationList = 9E48570726274B870061EC0F /* Build configuration list for PBXNativeTarget "Хочупомочь" */;
			buildPhases = (
				9E4856EF26274B870061EC0F /* Sources */,
				9E4856F026274B870061EC0F /* Frameworks */,
				9E4856F126274B870061EC0F /* Resources */,
			);
			buildRules = (
			);
			dependencies = (
			);
			name = "Хочупомочь";
			productName = "Хочу помочь";
			productReference = 9E4856F326274B870061EC0F /* Хочупомочь.app */;
			productType = "com.apple.product-type.application";
		};
/* End PBXNativeTarget section */

/* Begin PBXProject section */
		9E4856EB26274B870061EC0F /* Project object */ = {
			isa = PBXProject;
			attributes = {
				LastSwiftUpdateCheck = 1240;
				LastUpgradeCheck = 1240;
				TargetAttributes = {
					9E4856F226274B870061EC0F = {
						CreatedOnToolsVersion = 12.4;
					};
				};
			};
			buildConfigurationList = 9E4856EE26274B870061EC0F /* Build configuration list for PBXProject "Хочупомочь" */;
			compatibilityVersion = "Xcode 9.3";
			developmentRegion = en;
			hasScannedForEncodings = 0;
			knownRegions = (
				en,
				Base,
			);
			mainGroup = 9E4856EA26274B870061EC0F;
			productRefGroup = 9E4856F426274B870061EC0F /* Products */;
			projectDirPath = "";
			projectRoot = "";
			targets = (
				9E4856F226274B870061EC0F /* Хочупомочь */,
			);
		};
/* End PBXProject section */

/* Begin PBXResourcesBuildPhase section */
		9E4856F126274B870061EC0F /* Resources */ = {
			isa = PBXResourcesBuildPhase;
			buildActionMask = 2147483647;
			files = (
				9E485715262750D10061EC0F /* Main.storyboard in Resources */,
				9E135458262B61B300D7AA72 /* OfficinaSansExtraBoldSCC.otf in Resources */,
				9E485716262750D10061EC0F /* Assets.xcassets in Resources */,
				9E135465262B7C8700D7AA72 /* Fonts in Resources */,
				9E485718262750D10061EC0F /* LaunchScreen.storyboard in Resources */,
			);
			runOnlyForDeploymentPostprocessing = 0;
		};
/* End PBXResourcesBuildPhase section */

/* Begin PBXSourcesBuildPhase section */
		9E4856EF26274B870061EC0F /* Sources */ = {
			isa = PBXSourcesBuildPhase;
			buildActionMask = 2147483647;
			files = (
				9E13545B262B702B00D7AA72 /* CustomNavbar.swift in Sources */,
				9E485745262A349A0061EC0F /* TestViewController.swift in Sources */,
				9E48573826278B110061EC0F /* HelpModel.swift in Sources */,
				9E135484262C480200D7AA72 /* CustomTabBar.swift in Sources */,
				9E48574B262A3C510061EC0F /* TabBarViewController.swift in Sources */,
				9E48570D26274D1B0061EC0F /* WantHelpViewController.swift in Sources */,
				9E4856F726274B870061EC0F /* AppDelegate.swift in Sources */,
				9E4856F926274B870061EC0F /* SceneDelegate.swift in Sources */,
				9E135481262B98C800D7AA72 /* HelpNavigationViewController.swift in Sources */,
				9E48573C26286D280061EC0F /* CollectionViewController.swift in Sources */,
				9E485741262875810061EC0F /* CustomCollectionViewCell.swift in Sources */,
			);
			runOnlyForDeploymentPostprocessing = 0;
		};
/* End PBXSourcesBuildPhase section */

/* Begin PBXVariantGroup section */
		9E4856FC26274B870061EC0F /* Main.storyboard */ = {
			isa = PBXVariantGroup;
			children = (
				9E4856FD26274B870061EC0F /* Base */,
			);
			name = Main.storyboard;
			sourceTree = "<group>";
		};
		9E48570126274B870061EC0F /* LaunchScreen.storyboard */ = {
			isa = PBXVariantGroup;
			children = (
				9E48570226274B870061EC0F /* Base */,
			);
			name = LaunchScreen.storyboard;
			sourceTree = "<group>";
		};
/* End PBXVariantGroup section */

/* Begin XCBuildConfiguration section */
		9E48570526274B870061EC0F /* Debug */ = {
			isa = XCBuildConfiguration;
			buildSettings = {
				ALWAYS_SEARCH_USER_PATHS = NO;
				CLANG_ANALYZER_NONNULL = YES;
				CLANG_ANALYZER_NUMBER_OBJECT_CONVERSION = YES_AGGRESSIVE;
				CLANG_CXX_LANGUAGE_STANDARD = "gnu++14";
				CLANG_CXX_LIBRARY = "libc++";
				CLANG_ENABLE_MODULES = YES;
				CLANG_ENABLE_OBJC_ARC = YES;
				CLANG_ENABLE_OBJC_WEAK = YES;
				CLANG_WARN_BLOCK_CAPTURE_AUTORELEASING = YES;
				CLANG_WARN_BOOL_CONVERSION = YES;
				CLANG_WARN_COMMA = YES;
				CLANG_WARN_CONSTANT_CONVERSION = YES;
				CLANG_WARN_DEPRECATED_OBJC_IMPLEMENTATIONS = YES;
				CLANG_WARN_DIRECT_OBJC_ISA_USAGE = YES_ERROR;
				CLANG_WARN_DOCUMENTATION_COMMENTS = YES;
				CLANG_WARN_EMPTY_BODY = YES;
				CLANG_WARN_ENUM_CONVERSION = YES;
				CLANG_WARN_INFINITE_RECURSION = YES;
				CLANG_WARN_INT_CONVERSION = YES;
				CLANG_WARN_NON_LITERAL_NULL_CONVERSION = YES;
				CLANG_WARN_OBJC_IMPLICIT_RETAIN_SELF = YES;
				CLANG_WARN_OBJC_LITERAL_CONVERSION = YES;
				CLANG_WARN_OBJC_ROOT_CLASS = YES_ERROR;
				CLANG_WARN_QUOTED_INCLUDE_IN_FRAMEWORK_HEADER = YES;
				CLANG_WARN_RANGE_LOOP_ANALYSIS = YES;
				CLANG_WARN_STRICT_PROTOTYPES = YES;
				CLANG_WARN_SUSPICIOUS_MOVE = YES;
				CLANG_WARN_UNGUARDED_AVAILABILITY = YES_AGGRESSIVE;
				CLANG_WARN_UNREACHABLE_CODE = YES;
				CLANG_WARN__DUPLICATE_METHOD_MATCH = YES;
				COPY_PHASE_STRIP = NO;
				DEBUG_INFORMATION_FORMAT = dwarf;
				ENABLE_STRICT_OBJC_MSGSEND = YES;
				ENABLE_TESTABILITY = YES;
				GCC_C_LANGUAGE_STANDARD = gnu11;
				GCC_DYNAMIC_NO_PIC = NO;
				GCC_NO_COMMON_BLOCKS = YES;
				GCC_OPTIMIZATION_LEVEL = 0;
				GCC_PREPROCESSOR_DEFINITIONS = (
					"DEBUG=1",
					"$(inherited)",
				);
				GCC_WARN_64_TO_32_BIT_CONVERSION = YES;
				GCC_WARN_ABOUT_RETURN_TYPE = YES_ERROR;
				GCC_WARN_UNDECLARED_SELECTOR = YES;
				GCC_WARN_UNINITIALIZED_AUTOS = YES_AGGRESSIVE;
				GCC_WARN_UNUSED_FUNCTION = YES;
				GCC_WARN_UNUSED_VARIABLE = YES;
				IPHONEOS_DEPLOYMENT_TARGET = 14.4;
				MTL_ENABLE_DEBUG_INFO = INCLUDE_SOURCE;
				MTL_FAST_MATH = YES;
				ONLY_ACTIVE_ARCH = YES;
				SDKROOT = iphoneos;
				SWIFT_ACTIVE_COMPILATION_CONDITIONS = DEBUG;
				SWIFT_OPTIMIZATION_LEVEL = "-Onone";
			};
			name = Debug;
		};
		9E48570626274B870061EC0F /* Release */ = {
			isa = XCBuildConfiguration;
			buildSettings = {
				ALWAYS_SEARCH_USER_PATHS = NO;
				CLANG_ANALYZER_NONNULL = YES;
				CLANG_ANALYZER_NUMBER_OBJECT_CONVERSION = YES_AGGRESSIVE;
				CLANG_CXX_LANGUAGE_STANDARD = "gnu++14";
				CLANG_CXX_LIBRARY = "libc++";
				CLANG_ENABLE_MODULES = YES;
				CLANG_ENABLE_OBJC_ARC = YES;
				CLANG_ENABLE_OBJC_WEAK = YES;
				CLANG_WARN_BLOCK_CAPTURE_AUTORELEASING = YES;
				CLANG_WARN_BOOL_CONVERSION = YES;
				CLANG_WARN_COMMA = YES;
				CLANG_WARN_CONSTANT_CONVERSION = YES;
				CLANG_WARN_DEPRECATED_OBJC_IMPLEMENTATIONS = YES;
				CLANG_WARN_DIRECT_OBJC_ISA_USAGE = YES_ERROR;
				CLANG_WARN_DOCUMENTATION_COMMENTS = YES;
				CLANG_WARN_EMPTY_BODY = YES;
				CLANG_WARN_ENUM_CONVERSION = YES;
				CLANG_WARN_INFINITE_RECURSION = YES;
				CLANG_WARN_INT_CONVERSION = YES;
				CLANG_WARN_NON_LITERAL_NULL_CONVERSION = YES;
				CLANG_WARN_OBJC_IMPLICIT_RETAIN_SELF = YES;
				CLANG_WARN_OBJC_LITERAL_CONVERSION = YES;
				CLANG_WARN_OBJC_ROOT_CLASS = YES_ERROR;
				CLANG_WARN_QUOTED_INCLUDE_IN_FRAMEWORK_HEADER = YES;
				CLANG_WARN_RANGE_LOOP_ANALYSIS = YES;
				CLANG_WARN_STRICT_PROTOTYPES = YES;
				CLANG_WARN_SUSPICIOUS_MOVE = YES;
				CLANG_WARN_UNGUARDED_AVAILABILITY = YES_AGGRESSIVE;
				CLANG_WARN_UNREACHABLE_CODE = YES;
				CLANG_WARN__DUPLICATE_METHOD_MATCH = YES;
				COPY_PHASE_STRIP = NO;
				DEBUG_INFORMATION_FORMAT = "dwarf-with-dsym";
				ENABLE_NS_ASSERTIONS = NO;
				ENABLE_STRICT_OBJC_MSGSEND = YES;
				GCC_C_LANGUAGE_STANDARD = gnu11;
				GCC_NO_COMMON_BLOCKS = YES;
				GCC_WARN_64_TO_32_BIT_CONVERSION = YES;
				GCC_WARN_ABOUT_RETURN_TYPE = YES_ERROR;
				GCC_WARN_UNDECLARED_SELECTOR = YES;
				GCC_WARN_UNINITIALIZED_AUTOS = YES_AGGRESSIVE;
				GCC_WARN_UNUSED_FUNCTION = YES;
				GCC_WARN_UNUSED_VARIABLE = YES;
				IPHONEOS_DEPLOYMENT_TARGET = 14.4;
				MTL_ENABLE_DEBUG_INFO = NO;
				MTL_FAST_MATH = YES;
				SDKROOT = iphoneos;
				SWIFT_COMPILATION_MODE = wholemodule;
				SWIFT_OPTIMIZATION_LEVEL = "-O";
				VALIDATE_PRODUCT = YES;
			};
			name = Release;
		};
		9E48570826274B870061EC0F /* Debug */ = {
			isa = XCBuildConfiguration;
			buildSettings = {
				ASSETCATALOG_COMPILER_APPICON_NAME = AppIcon;
				ASSETCATALOG_COMPILER_GLOBAL_ACCENT_COLOR_NAME = AccentColor;
				CODE_SIGN_STYLE = Automatic;
				INFOPLIST_FILE = "Хочу помочь/Info.plist";
				LD_RUNPATH_SEARCH_PATHS = (
					"$(inherited)",
					"@executable_path/Frameworks",
				);
				PRODUCT_BUNDLE_IDENTIFIER = "Bulat.-----------";
				PRODUCT_NAME = "$(TARGET_NAME)";
				SWIFT_VERSION = 5.0;
				TARGETED_DEVICE_FAMILY = "1,2";
			};
			name = Debug;
		};
		9E48570926274B870061EC0F /* Release */ = {
			isa = XCBuildConfiguration;
			buildSettings = {
				ASSETCATALOG_COMPILER_APPICON_NAME = AppIcon;
				ASSETCATALOG_COMPILER_GLOBAL_ACCENT_COLOR_NAME = AccentColor;
				CODE_SIGN_STYLE = Automatic;
				INFOPLIST_FILE = "Хочу помочь/Info.plist";
				LD_RUNPATH_SEARCH_PATHS = (
					"$(inherited)",
					"@executable_path/Frameworks",
				);
				PRODUCT_BUNDLE_IDENTIFIER = "Bulat.-----------";
				PRODUCT_NAME = "$(TARGET_NAME)";
				SWIFT_VERSION = 5.0;
				TARGETED_DEVICE_FAMILY = "1,2";
			};
			name = Release;
		};
/* End XCBuildConfiguration section */

/* Begin XCConfigurationList section */
		9E4856EE26274B870061EC0F /* Build configuration list for PBXProject "Хочупомочь" */ = {
			isa = XCConfigurationList;
			buildConfigurations = (
				9E48570526274B870061EC0F /* Debug */,
				9E48570626274B870061EC0F /* Release */,
			);
			defaultConfigurationIsVisible = 0;
			defaultConfigurationName = Release;
		};
		9E48570726274B870061EC0F /* Build configuration list for PBXNativeTarget "Хочупомочь" */ = {
			isa = XCConfigurationList;
			buildConfigurations = (
				9E48570826274B870061EC0F /* Debug */,
				9E48570926274B870061EC0F /* Release */,
			);
			defaultConfigurationIsVisible = 0;
			defaultConfigurationName = Release;
		};
/* End XCConfigurationList section */
	};
	rootObject = 9E4856EB26274B870061EC0F /* Project object */;
}
