// !$*UTF8*$!
{
	archiveVersion = 1;
	classes = {
	};
	objectVersion = 51;
	objects = {

/* Begin PBXBuildFile section */
		9E13545B262B702B00D7AA72 /* CustomNavbar.swift in Sources */ = {isa = PBXBuildFile; fileRef = 9E13545A262B702B00D7AA72 /* CustomNavbar.swift */; };
		9E135481262B98C800D7AA72 /* HelpNavigationViewController.swift in Sources */ = {isa = PBXBuildFile; fileRef = 9E135480262B98C800D7AA72 /* HelpNavigationViewController.swift */; };
		9E135484262C480200D7AA72 /* CustomTabBar.swift in Sources */ = {isa = PBXBuildFile; fileRef = 9E135483262C480200D7AA72 /* CustomTabBar.swift */; };
		9E16844126330DA3003A60A5 /* CollectionViewCell.swift in Sources */ = {isa = PBXBuildFile; fileRef = 9E16844026330DA2003A60A5 /* CollectionViewCell.swift */; };
		9E16844626331433003A60A5 /* CharityEventsModel.swift in Sources */ = {isa = PBXBuildFile; fileRef = 9E16844526331433003A60A5 /* CharityEventsModel.swift */; };
		9E16845B26331BD0003A60A5 /* Fonts in Resources */ = {isa = PBXBuildFile; fileRef = 9E13543C262B53A400D7AA72 /* Fonts */; };
		9E16845E26331BF0003A60A5 /* OfficinaSansExtraBoldSCC.otf in Resources */ = {isa = PBXBuildFile; fileRef = 9E16845D26331BF0003A60A5 /* OfficinaSansExtraBoldSCC.otf */; };
		9E16846126331BF4003A60A5 /* SF UI Text Regular.ttf in Resources */ = {isa = PBXBuildFile; fileRef = 9E16846026331BF4003A60A5 /* SF UI Text Regular.ttf */; };
		9E16846C26331F3B003A60A5 /* CharityEventsViewController.swift in Sources */ = {isa = PBXBuildFile; fileRef = 9E16846B26331F3B003A60A5 /* CharityEventsViewController.swift */; };
		9E4856F726274B870061EC0F /* AppDelegate.swift in Sources */ = {isa = PBXBuildFile; fileRef = 9E4856F626274B870061EC0F /* AppDelegate.swift */; };
		9E4856F926274B870061EC0F /* SceneDelegate.swift in Sources */ = {isa = PBXBuildFile; fileRef = 9E4856F826274B870061EC0F /* SceneDelegate.swift */; };
		9E48570D26274D1B0061EC0F /* WantHelpViewController.swift in Sources */ = {isa = PBXBuildFile; fileRef = 9E48570C26274D1B0061EC0F /* WantHelpViewController.swift */; };
		9E485715262750D10061EC0F /* Main.storyboard in Resources */ = {isa = PBXBuildFile; fileRef = 9E4856FC26274B870061EC0F /* Main.storyboard */; };
		9E485716262750D10061EC0F /* Assets.xcassets in Resources */ = {isa = PBXBuildFile; fileRef = 9E4856FF26274B870061EC0F /* Assets.xcassets */; };
		9E485718262750D10061EC0F /* LaunchScreen.storyboard in Resources */ = {isa = PBXBuildFile; fileRef = 9E48570126274B870061EC0F /* LaunchScreen.storyboard */; };
		9E48573826278B110061EC0F /* HelpModel.swift in Sources */ = {isa = PBXBuildFile; fileRef = 9E48573726278B110061EC0F /* HelpModel.swift */; };
		9E485741262875810061EC0F /* CustomCollectionViewCell.swift in Sources */ = {isa = PBXBuildFile; fileRef = 9E485740262875810061EC0F /* CustomCollectionViewCell.swift */; };
		9E485745262A349A0061EC0F /* TestViewController.swift in Sources */ = {isa = PBXBuildFile; fileRef = 9E485744262A349A0061EC0F /* TestViewController.swift */; };
		9E48574B262A3C510061EC0F /* TabBarViewController.swift in Sources */ = {isa = PBXBuildFile; fileRef = 9E48574A262A3C510061EC0F /* TabBarViewController.swift */; };
		9E75A0742690CCEC00AEDCCA /* Model.xcdatamodeld in Sources */ = {isa = PBXBuildFile; fileRef = 9E75A0722690CCEC00AEDCCA /* Model.xcdatamodeld */; };
		9E75A0A12692096C00AEDCCA /* Categories+CoreDataClass.swift in Sources */ = {isa = PBXBuildFile; fileRef = 9E75A09D2692096C00AEDCCA /* Categories+CoreDataClass.swift */; };
		9E75A0A726920D1500AEDCCA /* CoreDataManager.swift in Sources */ = {isa = PBXBuildFile; fileRef = 9E75A0A626920D1500AEDCCA /* CoreDataManager.swift */; };
		9EA7C9A4263444EF00F2015D /* DetailEventViewController.swift in Sources */ = {isa = PBXBuildFile; fileRef = 9EA7C9A3263444EF00F2015D /* DetailEventViewController.swift */; };
		9EB52BA326D90ADD007EB404 /* NetworkManager.swift in Sources */ = {isa = PBXBuildFile; fileRef = 9EB52BA226D90ADD007EB404 /* NetworkManager.swift */; };
		9EC1062626B848D2005E78B8 /* Categories+CoreDataProperties.swift in Sources */ = {isa = PBXBuildFile; fileRef = 9EC1062526B848D2005E78B8 /* Categories+CoreDataProperties.swift */; };
		9EC3847B26E127FB00522CD4 /* Alamofire.swift in Sources */ = {isa = PBXBuildFile; fileRef = 9EC3847A26E127FB00522CD4 /* Alamofire.swift */; };
		9EC7556526C47ECD00E0323D /* Events+CoreDataProperties.swift in Sources */ = {isa = PBXBuildFile; fileRef = 9EC7556426C47ECD00E0323D /* Events+CoreDataProperties.swift */; };
		9ED275C72639901D00AC281A /* DetailEvent.storyboard in Resources */ = {isa = PBXBuildFile; fileRef = 9ED275C52639901D00AC281A /* DetailEvent.storyboard */; };
		9ED275CB263AE48700AC281A /* category.json in Resources */ = {isa = PBXBuildFile; fileRef = 9ED275CA263AE48600AC281A /* category.json */; };
		9ED275CE263AE57200AC281A /* events.json in Resources */ = {isa = PBXBuildFile; fileRef = 9ED275CD263AE57200AC281A /* events.json */; };
		9ED275D2263AFA5400AC281A /* CategoryModel.swift in Sources */ = {isa = PBXBuildFile; fileRef = 9ED275D1263AFA5400AC281A /* CategoryModel.swift */; };
		9ED275D6263AFACA00AC281A /* EventModel.swift in Sources */ = {isa = PBXBuildFile; fileRef = 9ED275D5263AFACA00AC281A /* EventModel.swift */; };
		9ED275DA263B040D00AC281A /* Servce.swift in Sources */ = {isa = PBXBuildFile; fileRef = 9ED275D9263B040D00AC281A /* Servce.swift */; };
		9ED5193B26C45C2C002EC093 /* Events+CoreDataClass.swift in Sources */ = {isa = PBXBuildFile; fileRef = 9ED518C926C45C2B002EC093 /* Events+CoreDataClass.swift */; };
		9EEFF88026D8F78D005F6D14 /* GoogleService-Info.plist in Resources */ = {isa = PBXBuildFile; fileRef = 9EEFF87F26D8F78D005F6D14 /* GoogleService-Info.plist */; };
		EFA826EFD20D0268C48B744D /* Pods_WantHelp.framework in Frameworks */ = {isa = PBXBuildFile; fileRef = D421562C167FA3138724077C /* Pods_WantHelp.framework */; };
/* End PBXBuildFile section */

/* Begin PBXFileReference section */
		29DC10B290B8BDFFB99A4025 /* Pods-WantHelp.debug.xcconfig */ = {isa = PBXFileReference; includeInIndex = 1; lastKnownFileType = text.xcconfig; name = "Pods-WantHelp.debug.xcconfig"; path = "Target Support Files/Pods-WantHelp/Pods-WantHelp.debug.xcconfig"; sourceTree = "<group>"; };
		8A87BA132F18CB61C11081B6 /* Pods-WantHelp.release.xcconfig */ = {isa = PBXFileReference; includeInIndex = 1; lastKnownFileType = text.xcconfig; name = "Pods-WantHelp.release.xcconfig"; path = "Target Support Files/Pods-WantHelp/Pods-WantHelp.release.xcconfig"; sourceTree = "<group>"; };
		9E13543C262B53A400D7AA72 /* Fonts */ = {isa = PBXFileReference; lastKnownFileType = folder; path = Fonts; sourceTree = "<group>"; };
		9E13545A262B702B00D7AA72 /* CustomNavbar.swift */ = {isa = PBXFileReference; lastKnownFileType = sourcecode.swift; path = CustomNavbar.swift; sourceTree = "<group>"; };
		9E135480262B98C800D7AA72 /* HelpNavigationViewController.swift */ = {isa = PBXFileReference; lastKnownFileType = sourcecode.swift; path = HelpNavigationViewController.swift; sourceTree = "<group>"; };
		9E135483262C480200D7AA72 /* CustomTabBar.swift */ = {isa = PBXFileReference; lastKnownFileType = sourcecode.swift; path = CustomTabBar.swift; sourceTree = "<group>"; };
		9E16844026330DA2003A60A5 /* CollectionViewCell.swift */ = {isa = PBXFileReference; lastKnownFileType = sourcecode.swift; path = CollectionViewCell.swift; sourceTree = "<group>"; };
		9E16844526331433003A60A5 /* CharityEventsModel.swift */ = {isa = PBXFileReference; lastKnownFileType = sourcecode.swift; path = CharityEventsModel.swift; sourceTree = "<group>"; };
		9E16845D26331BF0003A60A5 /* OfficinaSansExtraBoldSCC.otf */ = {isa = PBXFileReference; lastKnownFileType = file; name = OfficinaSansExtraBoldSCC.otf; path = "Хочу помочь/Fonts/OfficinaSansExtraBoldSCC.otf"; sourceTree = "<group>"; };
		9E16846026331BF4003A60A5 /* SF UI Text Regular.ttf */ = {isa = PBXFileReference; lastKnownFileType = file; path = "SF UI Text Regular.ttf"; sourceTree = "<group>"; };
		9E16846B26331F3B003A60A5 /* CharityEventsViewController.swift */ = {isa = PBXFileReference; lastKnownFileType = sourcecode.swift; path = CharityEventsViewController.swift; sourceTree = "<group>"; };
		9E4856F326274B870061EC0F /* WantHelp.app */ = {isa = PBXFileReference; explicitFileType = wrapper.application; includeInIndex = 0; path = WantHelp.app; sourceTree = BUILT_PRODUCTS_DIR; };
		9E4856F626274B870061EC0F /* AppDelegate.swift */ = {isa = PBXFileReference; lastKnownFileType = sourcecode.swift; path = AppDelegate.swift; sourceTree = "<group>"; };
		9E4856F826274B870061EC0F /* SceneDelegate.swift */ = {isa = PBXFileReference; lastKnownFileType = sourcecode.swift; path = SceneDelegate.swift; sourceTree = "<group>"; };
		9E4856FD26274B870061EC0F /* Base */ = {isa = PBXFileReference; lastKnownFileType = file.storyboard; name = Base; path = Base.lproj/Main.storyboard; sourceTree = "<group>"; };
		9E4856FF26274B870061EC0F /* Assets.xcassets */ = {isa = PBXFileReference; lastKnownFileType = folder.assetcatalog; path = Assets.xcassets; sourceTree = "<group>"; };
		9E48570226274B870061EC0F /* Base */ = {isa = PBXFileReference; lastKnownFileType = file.storyboard; name = Base; path = Base.lproj/LaunchScreen.storyboard; sourceTree = "<group>"; };
		9E48570426274B870061EC0F /* Info.plist */ = {isa = PBXFileReference; lastKnownFileType = text.plist.xml; path = Info.plist; sourceTree = "<group>"; };
		9E48570C26274D1B0061EC0F /* WantHelpViewController.swift */ = {isa = PBXFileReference; lastKnownFileType = sourcecode.swift; path = WantHelpViewController.swift; sourceTree = "<group>"; };
		9E48573726278B110061EC0F /* HelpModel.swift */ = {isa = PBXFileReference; lastKnownFileType = sourcecode.swift; path = HelpModel.swift; sourceTree = "<group>"; };
		9E485740262875810061EC0F /* CustomCollectionViewCell.swift */ = {isa = PBXFileReference; lastKnownFileType = sourcecode.swift; path = CustomCollectionViewCell.swift; sourceTree = "<group>"; };
		9E485744262A349A0061EC0F /* TestViewController.swift */ = {isa = PBXFileReference; lastKnownFileType = sourcecode.swift; path = TestViewController.swift; sourceTree = "<group>"; };
		9E48574A262A3C510061EC0F /* TabBarViewController.swift */ = {isa = PBXFileReference; lastKnownFileType = sourcecode.swift; path = TabBarViewController.swift; sourceTree = "<group>"; };
		9E75A0732690CCEC00AEDCCA /* Model.xcdatamodel */ = {isa = PBXFileReference; lastKnownFileType = wrapper.xcdatamodel; path = Model.xcdatamodel; sourceTree = "<group>"; };
		9E75A09D2692096C00AEDCCA /* Categories+CoreDataClass.swift */ = {isa = PBXFileReference; lastKnownFileType = sourcecode.swift; path = "Categories+CoreDataClass.swift"; sourceTree = "<group>"; };
		9E75A0A626920D1500AEDCCA /* CoreDataManager.swift */ = {isa = PBXFileReference; lastKnownFileType = sourcecode.swift; path = CoreDataManager.swift; sourceTree = "<group>"; };
		9EA7C9A3263444EF00F2015D /* DetailEventViewController.swift */ = {isa = PBXFileReference; lastKnownFileType = sourcecode.swift; path = DetailEventViewController.swift; sourceTree = "<group>"; };
		9EB52BA226D90ADD007EB404 /* NetworkManager.swift */ = {isa = PBXFileReference; lastKnownFileType = sourcecode.swift; path = NetworkManager.swift; sourceTree = "<group>"; };
		9EC1062526B848D2005E78B8 /* Categories+CoreDataProperties.swift */ = {isa = PBXFileReference; lastKnownFileType = sourcecode.swift; path = "Categories+CoreDataProperties.swift"; sourceTree = "<group>"; };
		9EC3847A26E127FB00522CD4 /* Alamofire.swift */ = {isa = PBXFileReference; lastKnownFileType = sourcecode.swift; path = Alamofire.swift; sourceTree = "<group>"; };
		9EC7556426C47ECD00E0323D /* Events+CoreDataProperties.swift */ = {isa = PBXFileReference; lastKnownFileType = sourcecode.swift; path = "Events+CoreDataProperties.swift"; sourceTree = "<group>"; };
		9ED275C62639901D00AC281A /* Base */ = {isa = PBXFileReference; lastKnownFileType = file.storyboard; name = Base; path = "Хочу помочь/Storyboard/Base.lproj/DetailEvent.storyboard"; sourceTree = "<group>"; };
		9ED275CA263AE48600AC281A /* category.json */ = {isa = PBXFileReference; lastKnownFileType = text.json; path = category.json; sourceTree = "<group>"; };
		9ED275CD263AE57200AC281A /* events.json */ = {isa = PBXFileReference; lastKnownFileType = text.json; path = events.json; sourceTree = "<group>"; };
		9ED275D1263AFA5400AC281A /* CategoryModel.swift */ = {isa = PBXFileReference; lastKnownFileType = sourcecode.swift; path = CategoryModel.swift; sourceTree = "<group>"; };
		9ED275D5263AFACA00AC281A /* EventModel.swift */ = {isa = PBXFileReference; lastKnownFileType = sourcecode.swift; path = EventModel.swift; sourceTree = "<group>"; };
		9ED275D9263B040D00AC281A /* Servce.swift */ = {isa = PBXFileReference; lastKnownFileType = sourcecode.swift; path = Servce.swift; sourceTree = "<group>"; };
		9ED518C926C45C2B002EC093 /* Events+CoreDataClass.swift */ = {isa = PBXFileReference; fileEncoding = 4; lastKnownFileType = sourcecode.swift; path = "Events+CoreDataClass.swift"; sourceTree = "<group>"; };
		9EEFF87F26D8F78D005F6D14 /* GoogleService-Info.plist */ = {isa = PBXFileReference; fileEncoding = 4; lastKnownFileType = text.plist.xml; path = "GoogleService-Info.plist"; sourceTree = "<group>"; };
		D421562C167FA3138724077C /* Pods_WantHelp.framework */ = {isa = PBXFileReference; explicitFileType = wrapper.framework; includeInIndex = 0; path = Pods_WantHelp.framework; sourceTree = BUILT_PRODUCTS_DIR; };
/* End PBXFileReference section */

/* Begin PBXFrameworksBuildPhase section */
		9E4856F026274B870061EC0F /* Frameworks */ = {
			isa = PBXFrameworksBuildPhase;
			buildActionMask = 2147483647;
			files = (
				EFA826EFD20D0268C48B744D /* Pods_WantHelp.framework in Frameworks */,
			);
			runOnlyForDeploymentPostprocessing = 0;
		};
/* End PBXFrameworksBuildPhase section */

/* Begin PBXGroup section */
		8FA767B42654BE7559CE01D7 /* Frameworks */ = {
			isa = PBXGroup;
			children = (
				D421562C167FA3138724077C /* Pods_WantHelp.framework */,
			);
			name = Frameworks;
			sourceTree = "<group>";
		};
		9E135479262B927D00D7AA72 /* NavigationControllers */ = {
			isa = PBXGroup;
			children = (
				9E135480262B98C800D7AA72 /* HelpNavigationViewController.swift */,
			);
			path = NavigationControllers;
			sourceTree = "<group>";
		};
		9E1684382632FBCC003A60A5 /* ViewControllers */ = {
			isa = PBXGroup;
			children = (
				9E485744262A349A0061EC0F /* TestViewController.swift */,
				9E48570C26274D1B0061EC0F /* WantHelpViewController.swift */,
				9E16846B26331F3B003A60A5 /* CharityEventsViewController.swift */,
				9EA7C9A3263444EF00F2015D /* DetailEventViewController.swift */,
			);
			path = ViewControllers;
			sourceTree = "<group>";
		};
		9E4856EA26274B870061EC0F = {
			isa = PBXGroup;
			children = (
				9E16846026331BF4003A60A5 /* SF UI Text Regular.ttf */,
				9E16845D26331BF0003A60A5 /* OfficinaSansExtraBoldSCC.otf */,
				9E4856F526274B870061EC0F /* Хочу помочь */,
				9E4856F426274B870061EC0F /* Products */,
				8FA767B42654BE7559CE01D7 /* Frameworks */,
				B7534E374F1540C9A1EF4D66 /* Pods */,
			);
			sourceTree = "<group>";
		};
		9E4856F426274B870061EC0F /* Products */ = {
			isa = PBXGroup;
			children = (
				9E4856F326274B870061EC0F /* WantHelp.app */,
			);
			name = Products;
			sourceTree = "<group>";
		};
		9E4856F526274B870061EC0F /* Хочу помочь */ = {
			isa = PBXGroup;
			children = (
				9E4856F626274B870061EC0F /* AppDelegate.swift */,
				9E4856F826274B870061EC0F /* SceneDelegate.swift */,
				9EB52BA126D90A99007EB404 /* Networking */,
				9E75A0762690CCF900AEDCCA /* CoreData */,
				9ED275D0263AF13300AC281A /* JSON */,
				9E48573626278AE90061EC0F /* Models */,
				9ED275C22639830700AC281A /* Storyboard */,
				9E75A0E62693642800AEDCCA /* Bars */,
				9E1684382632FBCC003A60A5 /* ViewControllers */,
				9E135479262B927D00D7AA72 /* NavigationControllers */,
				9E48572426277DDF0061EC0F /* MenuCells */,
				9E13543C262B53A400D7AA72 /* Fonts */,
				9E4856FF26274B870061EC0F /* Assets.xcassets */,
				9E48570126274B870061EC0F /* LaunchScreen.storyboard */,
				9EEFF87F26D8F78D005F6D14 /* GoogleService-Info.plist */,
				9E48570426274B870061EC0F /* Info.plist */,
			);
			path = "Хочу помочь";
			sourceTree = "<group>";
		};
		9E48572426277DDF0061EC0F /* MenuCells */ = {
			isa = PBXGroup;
			children = (
				9E485740262875810061EC0F /* CustomCollectionViewCell.swift */,
				9E16844026330DA2003A60A5 /* CollectionViewCell.swift */,
			);
			path = MenuCells;
			sourceTree = "<group>";
		};
		9E48573626278AE90061EC0F /* Models */ = {
			isa = PBXGroup;
			children = (
				9E48573726278B110061EC0F /* HelpModel.swift */,
				9E16844526331433003A60A5 /* CharityEventsModel.swift */,
				9ED275D1263AFA5400AC281A /* CategoryModel.swift */,
				9ED275D5263AFACA00AC281A /* EventModel.swift */,
			);
			path = Models;
			sourceTree = "<group>";
		};
		9E75A0762690CCF900AEDCCA /* CoreData */ = {
			isa = PBXGroup;
			children = (
				9EC1062526B848D2005E78B8 /* Categories+CoreDataProperties.swift */,
				9ED518C926C45C2B002EC093 /* Events+CoreDataClass.swift */,
				9EC7556426C47ECD00E0323D /* Events+CoreDataProperties.swift */,
				9E75A09D2692096C00AEDCCA /* Categories+CoreDataClass.swift */,
				9E75A0A626920D1500AEDCCA /* CoreDataManager.swift */,
				9E75A0722690CCEC00AEDCCA /* Model.xcdatamodeld */,
			);
			name = CoreData;
			path = ..;
			sourceTree = "<group>";
		};
		9E75A0E62693642800AEDCCA /* Bars */ = {
			isa = PBXGroup;
			children = (
				9E48574A262A3C510061EC0F /* TabBarViewController.swift */,
				9E135483262C480200D7AA72 /* CustomTabBar.swift */,
				9E13545A262B702B00D7AA72 /* CustomNavbar.swift */,
			);
			path = Bars;
			sourceTree = "<group>";
		};
		9EB52BA126D90A99007EB404 /* Networking */ = {
			isa = PBXGroup;
			children = (
				9EB52BA226D90ADD007EB404 /* NetworkManager.swift */,
				9EC3847A26E127FB00522CD4 /* Alamofire.swift */,
			);
			path = Networking;
			sourceTree = "<group>";
		};
		9ED275C22639830700AC281A /* Storyboard */ = {
			isa = PBXGroup;
			children = (
				9E4856FC26274B870061EC0F /* Main.storyboard */,
				9ED275C52639901D00AC281A /* DetailEvent.storyboard */,
			);
			path = Storyboard;
			sourceTree = "<group>";
		};
		9ED275D0263AF13300AC281A /* JSON */ = {
			isa = PBXGroup;
			children = (
				9ED275D8263B03EA00AC281A /* parsingServise  */,
				9ED275CD263AE57200AC281A /* events.json */,
				9ED275CA263AE48600AC281A /* category.json */,
			);
			name = JSON;
			path = ..;
			sourceTree = "<group>";
		};
		9ED275D8263B03EA00AC281A /* parsingServise  */ = {
			isa = PBXGroup;
			children = (
				9ED275D9263B040D00AC281A /* Servce.swift */,
			);
			name = "parsingServise ";
			sourceTree = "<group>";
		};
		B7534E374F1540C9A1EF4D66 /* Pods */ = {
			isa = PBXGroup;
			children = (
				29DC10B290B8BDFFB99A4025 /* Pods-WantHelp.debug.xcconfig */,
				8A87BA132F18CB61C11081B6 /* Pods-WantHelp.release.xcconfig */,
			);
			path = Pods;
			sourceTree = "<group>";
		};
/* End PBXGroup section */

/* Begin PBXNativeTarget section */
		9E4856F226274B870061EC0F /* WantHelp */ = {
			isa = PBXNativeTarget;
			buildConfigurationList = 9E48570726274B870061EC0F /* Build configuration list for PBXNativeTarget "WantHelp" */;
			buildPhases = (
				652F5C9642C4B8D4439E3F09 /* [CP] Check Pods Manifest.lock */,
				9E4856EF26274B870061EC0F /* Sources */,
				9E4856F026274B870061EC0F /* Frameworks */,
				9E4856F126274B870061EC0F /* Resources */,
				621791E64FED324881ED3A7F /* [CP] Embed Pods Frameworks */,
			);
			buildRules = (
			);
			dependencies = (
			);
			name = WantHelp;
			productName = "Хочу помочь";
			productReference = 9E4856F326274B870061EC0F /* WantHelp.app */;
			productType = "com.apple.product-type.application";
		};
/* End PBXNativeTarget section */

/* Begin PBXProject section */
		9E4856EB26274B870061EC0F /* Project object */ = {
			isa = PBXProject;
			attributes = {
				LastSwiftUpdateCheck = 1240;
				LastUpgradeCheck = 1240;
				TargetAttributes = {
					9E4856F226274B870061EC0F = {
						CreatedOnToolsVersion = 12.4;
					};
				};
			};
			buildConfigurationList = 9E4856EE26274B870061EC0F /* Build configuration list for PBXProject "WantHelp" */;
			compatibilityVersion = "Xcode 9.3";
			developmentRegion = en;
			hasScannedForEncodings = 0;
			knownRegions = (
				en,
				Base,
			);
			mainGroup = 9E4856EA26274B870061EC0F;
			productRefGroup = 9E4856F426274B870061EC0F /* Products */;
			projectDirPath = "";
			projectRoot = "";
			targets = (
				9E4856F226274B870061EC0F /* WantHelp */,
			);
		};
/* End PBXProject section */

/* Begin PBXResourcesBuildPhase section */
		9E4856F126274B870061EC0F /* Resources */ = {
			isa = PBXResourcesBuildPhase;
			buildActionMask = 2147483647;
			files = (
				9E485715262750D10061EC0F /* Main.storyboard in Resources */,
				9E485716262750D10061EC0F /* Assets.xcassets in Resources */,
				9ED275CE263AE57200AC281A /* events.json in Resources */,
				9E485718262750D10061EC0F /* LaunchScreen.storyboard in Resources */,
				9ED275CB263AE48700AC281A /* category.json in Resources */,
				9E16845B26331BD0003A60A5 /* Fonts in Resources */,
				9ED275C72639901D00AC281A /* DetailEvent.storyboard in Resources */,
				9EEFF88026D8F78D005F6D14 /* GoogleService-Info.plist in Resources */,
				9E16845E26331BF0003A60A5 /* OfficinaSansExtraBoldSCC.otf in Resources */,
				9E16846126331BF4003A60A5 /* SF UI Text Regular.ttf in Resources */,
			);
			runOnlyForDeploymentPostprocessing = 0;
		};
/* End PBXResourcesBuildPhase section */

/* Begin PBXShellScriptBuildPhase section */
		621791E64FED324881ED3A7F /* [CP] Embed Pods Frameworks */ = {
			isa = PBXShellScriptBuildPhase;
			buildActionMask = 2147483647;
			files = (
			);
			inputFileListPaths = (
				"${PODS_ROOT}/Target Support Files/Pods-WantHelp/Pods-WantHelp-frameworks-${CONFIGURATION}-input-files.xcfilelist",
			);
			name = "[CP] Embed Pods Frameworks";
			outputFileListPaths = (
				"${PODS_ROOT}/Target Support Files/Pods-WantHelp/Pods-WantHelp-frameworks-${CONFIGURATION}-output-files.xcfilelist",
			);
			runOnlyForDeploymentPostprocessing = 0;
			shellPath = /bin/sh;
			shellScript = "\"${PODS_ROOT}/Target Support Files/Pods-WantHelp/Pods-WantHelp-frameworks.sh\"\n";
			showEnvVarsInLog = 0;
		};
		652F5C9642C4B8D4439E3F09 /* [CP] Check Pods Manifest.lock */ = {
			isa = PBXShellScriptBuildPhase;
			buildActionMask = 2147483647;
			files = (
			);
			inputFileListPaths = (
			);
			inputPaths = (
				"${PODS_PODFILE_DIR_PATH}/Podfile.lock",
				"${PODS_ROOT}/Manifest.lock",
			);
			name = "[CP] Check Pods Manifest.lock";
			outputFileListPaths = (
			);
			outputPaths = (
				"$(DERIVED_FILE_DIR)/Pods-WantHelp-checkManifestLockResult.txt",
			);
			runOnlyForDeploymentPostprocessing = 0;
			shellPath = /bin/sh;
			shellScript = "diff \"${PODS_PODFILE_DIR_PATH}/Podfile.lock\" \"${PODS_ROOT}/Manifest.lock\" > /dev/null\nif [ $? != 0 ] ; then\n    # print error to STDERR\n    echo \"error: The sandbox is not in sync with the Podfile.lock. Run 'pod install' or update your CocoaPods installation.\" >&2\n    exit 1\nfi\n# This output is used by Xcode 'outputs' to avoid re-running this script phase.\necho \"SUCCESS\" > \"${SCRIPT_OUTPUT_FILE_0}\"\n";
			showEnvVarsInLog = 0;
		};
/* End PBXShellScriptBuildPhase section */

/* Begin PBXSourcesBuildPhase section */
		9E4856EF26274B870061EC0F /* Sources */ = {
			isa = PBXSourcesBuildPhase;
			buildActionMask = 2147483647;
			files = (
				9E13545B262B702B00D7AA72 /* CustomNavbar.swift in Sources */,
				9E485745262A349A0061EC0F /* TestViewController.swift in Sources */,
				9EC7556526C47ECD00E0323D /* Events+CoreDataProperties.swift in Sources */,
				9E48573826278B110061EC0F /* HelpModel.swift in Sources */,
				9E135484262C480200D7AA72 /* CustomTabBar.swift in Sources */,
				9E48574B262A3C510061EC0F /* TabBarViewController.swift in Sources */,
				9E75A0742690CCEC00AEDCCA /* Model.xcdatamodeld in Sources */,
				9E75A0A726920D1500AEDCCA /* CoreDataManager.swift in Sources */,
				9E16844626331433003A60A5 /* CharityEventsModel.swift in Sources */,
				9E48570D26274D1B0061EC0F /* WantHelpViewController.swift in Sources */,
				9E75A0A12692096C00AEDCCA /* Categories+CoreDataClass.swift in Sources */,
				9EC3847B26E127FB00522CD4 /* Alamofire.swift in Sources */,
				9E16846C26331F3B003A60A5 /* CharityEventsViewController.swift in Sources */,
				9EB52BA326D90ADD007EB404 /* NetworkManager.swift in Sources */,
				9EC1062626B848D2005E78B8 /* Categories+CoreDataProperties.swift in Sources */,
				9E16844126330DA3003A60A5 /* CollectionViewCell.swift in Sources */,
				9E4856F726274B870061EC0F /* AppDelegate.swift in Sources */,
				9EA7C9A4263444EF00F2015D /* DetailEventViewController.swift in Sources */,
				9E4856F926274B870061EC0F /* SceneDelegate.swift in Sources */,
				9E135481262B98C800D7AA72 /* HelpNavigationViewController.swift in Sources */,
				9ED5193B26C45C2C002EC093 /* Events+CoreDataClass.swift in Sources */,
				9ED275D2263AFA5400AC281A /* CategoryModel.swift in Sources */,
				9ED275D6263AFACA00AC281A /* EventModel.swift in Sources */,
				9ED275DA263B040D00AC281A /* Servce.swift in Sources */,
				9E485741262875810061EC0F /* CustomCollectionViewCell.swift in Sources */,
			);
			runOnlyForDeploymentPostprocessing = 0;
		};
/* End PBXSourcesBuildPhase section */

/* Begin PBXVariantGroup section */
		9E4856FC26274B870061EC0F /* Main.storyboard */ = {
			isa = PBXVariantGroup;
			children = (
				9E4856FD26274B870061EC0F /* Base */,
			);
			name = Main.storyboard;
			sourceTree = "<group>";
		};
		9E48570126274B870061EC0F /* LaunchScreen.storyboard */ = {
			isa = PBXVariantGroup;
			children = (
				9E48570226274B870061EC0F /* Base */,
			);
			name = LaunchScreen.storyboard;
			sourceTree = "<group>";
		};
		9ED275C52639901D00AC281A /* DetailEvent.storyboard */ = {
			isa = PBXVariantGroup;
			children = (
				9ED275C62639901D00AC281A /* Base */,
			);
			name = DetailEvent.storyboard;
			sourceTree = "<group>";
		};
/* End PBXVariantGroup section */

/* Begin XCBuildConfiguration section */
		9E48570526274B870061EC0F /* Debug */ = {
			isa = XCBuildConfiguration;
			buildSettings = {
				ALWAYS_SEARCH_USER_PATHS = NO;
				CLANG_ANALYZER_NONNULL = YES;
				CLANG_ANALYZER_NUMBER_OBJECT_CONVERSION = YES_AGGRESSIVE;
				CLANG_CXX_LANGUAGE_STANDARD = "gnu++14";
				CLANG_CXX_LIBRARY = "libc++";
				CLANG_ENABLE_MODULES = YES;
				CLANG_ENABLE_OBJC_ARC = YES;
				CLANG_ENABLE_OBJC_WEAK = YES;
				CLANG_WARN_BLOCK_CAPTURE_AUTORELEASING = YES;
				CLANG_WARN_BOOL_CONVERSION = YES;
				CLANG_WARN_COMMA = YES;
				CLANG_WARN_CONSTANT_CONVERSION = YES;
				CLANG_WARN_DEPRECATED_OBJC_IMPLEMENTATIONS = YES;
				CLANG_WARN_DIRECT_OBJC_ISA_USAGE = YES_ERROR;
				CLANG_WARN_DOCUMENTATION_COMMENTS = YES;
				CLANG_WARN_EMPTY_BODY = YES;
				CLANG_WARN_ENUM_CONVERSION = YES;
				CLANG_WARN_INFINITE_RECURSION = YES;
				CLANG_WARN_INT_CONVERSION = YES;
				CLANG_WARN_NON_LITERAL_NULL_CONVERSION = YES;
				CLANG_WARN_OBJC_IMPLICIT_RETAIN_SELF = YES;
				CLANG_WARN_OBJC_LITERAL_CONVERSION = YES;
				CLANG_WARN_OBJC_ROOT_CLASS = YES_ERROR;
				CLANG_WARN_QUOTED_INCLUDE_IN_FRAMEWORK_HEADER = YES;
				CLANG_WARN_RANGE_LOOP_ANALYSIS = YES;
				CLANG_WARN_STRICT_PROTOTYPES = YES;
				CLANG_WARN_SUSPICIOUS_MOVE = YES;
				CLANG_WARN_UNGUARDED_AVAILABILITY = YES_AGGRESSIVE;
				CLANG_WARN_UNREACHABLE_CODE = YES;
				CLANG_WARN__DUPLICATE_METHOD_MATCH = YES;
				COPY_PHASE_STRIP = NO;
				DEBUG_INFORMATION_FORMAT = dwarf;
				ENABLE_STRICT_OBJC_MSGSEND = YES;
				ENABLE_TESTABILITY = YES;
				GCC_C_LANGUAGE_STANDARD = gnu11;
				GCC_DYNAMIC_NO_PIC = NO;
				GCC_NO_COMMON_BLOCKS = YES;
				GCC_OPTIMIZATION_LEVEL = 0;
				GCC_PREPROCESSOR_DEFINITIONS = (
					"DEBUG=1",
					"$(inherited)",
				);
				GCC_WARN_64_TO_32_BIT_CONVERSION = YES;
				GCC_WARN_ABOUT_RETURN_TYPE = YES_ERROR;
				GCC_WARN_UNDECLARED_SELECTOR = YES;
				GCC_WARN_UNINITIALIZED_AUTOS = YES_AGGRESSIVE;
				GCC_WARN_UNUSED_FUNCTION = YES;
				GCC_WARN_UNUSED_VARIABLE = YES;
				IPHONEOS_DEPLOYMENT_TARGET = 14.4;
				MTL_ENABLE_DEBUG_INFO = INCLUDE_SOURCE;
				MTL_FAST_MATH = YES;
				ONLY_ACTIVE_ARCH = YES;
				SDKROOT = iphoneos;
				SWIFT_ACTIVE_COMPILATION_CONDITIONS = DEBUG;
				SWIFT_OPTIMIZATION_LEVEL = "-Onone";
			};
			name = Debug;
		};
		9E48570626274B870061EC0F /* Release */ = {
			isa = XCBuildConfiguration;
			buildSettings = {
				ALWAYS_SEARCH_USER_PATHS = NO;
				CLANG_ANALYZER_NONNULL = YES;
				CLANG_ANALYZER_NUMBER_OBJECT_CONVERSION = YES_AGGRESSIVE;
				CLANG_CXX_LANGUAGE_STANDARD = "gnu++14";
				CLANG_CXX_LIBRARY = "libc++";
				CLANG_ENABLE_MODULES = YES;
				CLANG_ENABLE_OBJC_ARC = YES;
				CLANG_ENABLE_OBJC_WEAK = YES;
				CLANG_WARN_BLOCK_CAPTURE_AUTORELEASING = YES;
				CLANG_WARN_BOOL_CONVERSION = YES;
				CLANG_WARN_COMMA = YES;
				CLANG_WARN_CONSTANT_CONVERSION = YES;
				CLANG_WARN_DEPRECATED_OBJC_IMPLEMENTATIONS = YES;
				CLANG_WARN_DIRECT_OBJC_ISA_USAGE = YES_ERROR;
				CLANG_WARN_DOCUMENTATION_COMMENTS = YES;
				CLANG_WARN_EMPTY_BODY = YES;
				CLANG_WARN_ENUM_CONVERSION = YES;
				CLANG_WARN_INFINITE_RECURSION = YES;
				CLANG_WARN_INT_CONVERSION = YES;
				CLANG_WARN_NON_LITERAL_NULL_CONVERSION = YES;
				CLANG_WARN_OBJC_IMPLICIT_RETAIN_SELF = YES;
				CLANG_WARN_OBJC_LITERAL_CONVERSION = YES;
				CLANG_WARN_OBJC_ROOT_CLASS = YES_ERROR;
				CLANG_WARN_QUOTED_INCLUDE_IN_FRAMEWORK_HEADER = YES;
				CLANG_WARN_RANGE_LOOP_ANALYSIS = YES;
				CLANG_WARN_STRICT_PROTOTYPES = YES;
				CLANG_WARN_SUSPICIOUS_MOVE = YES;
				CLANG_WARN_UNGUARDED_AVAILABILITY = YES_AGGRESSIVE;
				CLANG_WARN_UNREACHABLE_CODE = YES;
				CLANG_WARN__DUPLICATE_METHOD_MATCH = YES;
				COPY_PHASE_STRIP = NO;
				DEBUG_INFORMATION_FORMAT = "dwarf-with-dsym";
				ENABLE_NS_ASSERTIONS = NO;
				ENABLE_STRICT_OBJC_MSGSEND = YES;
				GCC_C_LANGUAGE_STANDARD = gnu11;
				GCC_NO_COMMON_BLOCKS = YES;
				GCC_WARN_64_TO_32_BIT_CONVERSION = YES;
				GCC_WARN_ABOUT_RETURN_TYPE = YES_ERROR;
				GCC_WARN_UNDECLARED_SELECTOR = YES;
				GCC_WARN_UNINITIALIZED_AUTOS = YES_AGGRESSIVE;
				GCC_WARN_UNUSED_FUNCTION = YES;
				GCC_WARN_UNUSED_VARIABLE = YES;
				IPHONEOS_DEPLOYMENT_TARGET = 14.4;
				MTL_ENABLE_DEBUG_INFO = NO;
				MTL_FAST_MATH = YES;
				SDKROOT = iphoneos;
				SWIFT_COMPILATION_MODE = wholemodule;
				SWIFT_OPTIMIZATION_LEVEL = "-O";
				VALIDATE_PRODUCT = YES;
			};
			name = Release;
		};
		9E48570826274B870061EC0F /* Debug */ = {
			isa = XCBuildConfiguration;
			baseConfigurationReference = 29DC10B290B8BDFFB99A4025 /* Pods-WantHelp.debug.xcconfig */;
			buildSettings = {
				ASSETCATALOG_COMPILER_APPICON_NAME = AppIcon;
				ASSETCATALOG_COMPILER_GLOBAL_ACCENT_COLOR_NAME = AccentColor;
				CODE_SIGN_STYLE = Automatic;
				DEVELOPMENT_TEAM = 22RQ4K9CV8;
				INFOPLIST_FILE = "Хочу помочь/Info.plist";
				LD_RUNPATH_SEARCH_PATHS = (
					"$(inherited)",
					"@executable_path/Frameworks",
				);
				PRODUCT_BUNDLE_IDENTIFIER = Bulat.41738765439;
				PRODUCT_NAME = WantHelp;
				SWIFT_VERSION = 5.0;
				TARGETED_DEVICE_FAMILY = "1,2";
			};
			name = Debug;
		};
		9E48570926274B870061EC0F /* Release */ = {
			isa = XCBuildConfiguration;
			baseConfigurationReference = 8A87BA132F18CB61C11081B6 /* Pods-WantHelp.release.xcconfig */;
			buildSettings = {
				ASSETCATALOG_COMPILER_APPICON_NAME = AppIcon;
				ASSETCATALOG_COMPILER_GLOBAL_ACCENT_COLOR_NAME = AccentColor;
				CODE_SIGN_STYLE = Automatic;
				DEVELOPMENT_TEAM = 22RQ4K9CV8;
				INFOPLIST_FILE = "Хочу помочь/Info.plist";
				LD_RUNPATH_SEARCH_PATHS = (
					"$(inherited)",
					"@executable_path/Frameworks",
				);
				PRODUCT_BUNDLE_IDENTIFIER = Bulat.41738765439;
				PRODUCT_NAME = WantHelp;
				SWIFT_VERSION = 5.0;
				TARGETED_DEVICE_FAMILY = "1,2";
			};
			name = Release;
		};
/* End XCBuildConfiguration section */

/* Begin XCConfigurationList section */
		9E4856EE26274B870061EC0F /* Build configuration list for PBXProject "WantHelp" */ = {
			isa = XCConfigurationList;
			buildConfigurations = (
				9E48570526274B870061EC0F /* Debug */,
				9E48570626274B870061EC0F /* Release */,
			);
			defaultConfigurationIsVisible = 0;
			defaultConfigurationName = Release;
		};
		9E48570726274B870061EC0F /* Build configuration list for PBXNativeTarget "WantHelp" */ = {
			isa = XCConfigurationList;
			buildConfigurations = (
				9E48570826274B870061EC0F /* Debug */,
				9E48570926274B870061EC0F /* Release */,
			);
			defaultConfigurationIsVisible = 0;
			defaultConfigurationName = Release;
		};
/* End XCConfigurationList section */

/* Begin XCVersionGroup section */
		9E75A0722690CCEC00AEDCCA /* Model.xcdatamodeld */ = {
			isa = XCVersionGroup;
			children = (
				9E75A0732690CCEC00AEDCCA /* Model.xcdatamodel */,
			);
			currentVersion = 9E75A0732690CCEC00AEDCCA /* Model.xcdatamodel */;
			path = Model.xcdatamodeld;
			sourceTree = "<group>";
			versionGroupType = wrapper.xcdatamodel;
		};
/* End XCVersionGroup section */
	};
	rootObject = 9E4856EB26274B870061EC0F /* Project object */;
}
